
Microsoft Visual Studio Solution File, Format Version 12.00
# Visual Studio Version 16
VisualStudioVersion = 16.0.32630.194
MinimumVisualStudioVersion = 10.0.40219.1
Project("{FAE04EC0-301F-11D3-BF4B-00C04F79EFBC}") = "InkKeeper", "InkKeeper.csproj", "{B71F965E-3BB7-4AA8-96FE-3AC03A1A3CDF}"
EndProject
Global
	GlobalSection(SolutionConfigurationPlatforms) = preSolution
		Debug|Any CPU = Debug|Any CPU
		Release|Any CPU = Release|Any CPU
	EndGlobalSection
	GlobalSection(ProjectConfigurationPlatforms) = postSolution
		{B71F965E-3BB7-4AA8-96FE-3AC03A1A3CDF}.Debug|Any CPU.ActiveCfg = Debug|Any CPU
		{B71F965E-3BB7-4AA8-96FE-3AC03A1A3CDF}.Debug|Any CPU.Build.0 = Debug|Any CPU
		{B71F965E-3BB7-4AA8-96FE-3AC03A1A3CDF}.Release|Any CPU.ActiveCfg = Release|Any CPU
		{B71F965E-3BB7-4AA8-96FE-3AC03A1A3CDF}.Release|Any CPU.Build.0 = Release|Any CPU
	EndGlobalSection
	GlobalSection(SolutionProperties) = preSolution
		HideSolutionNode = FALSE
	EndGlobalSection
	GlobalSection(ExtensibilityGlobals) = postSolution
		SolutionGuid = {98E29F71-6552-40ED-8792-7D83E8CBA51D}
	EndGlobalSection
EndGlobal
